
Microsoft Visual Studio Solution File, Format Version 12.00
# Visual Studio Version 17
VisualStudioVersion = 17.4.33205.214
MinimumVisualStudioVersion = 10.0.40219.1
Project("{9A19103F-16F7-4668-BE54-9A1E7A4F7556}") = "BusinessObject", "BusinessObject\BusinessObject.csproj", "{4D822891-8DE7-4BCC-8E4C-79B0A77C0F2B}"
EndProject
Project("{9A19103F-16F7-4668-BE54-9A1E7A4F7556}") = "DataAccess", "DataAccess\DataAccess.csproj", "{FA617107-766D-4127-A777-AF90E5FC7860}"
EndProject
Project("{9A19103F-16F7-4668-BE54-9A1E7A4F7556}") = "ProjectPRN231API", "ProjectPRN231API\ProjectPRN231API.csproj", "{BB501ED3-33E7-4EFB-BFED-2B8C74AA1178}"
EndProject
Global
	GlobalSection(SolutionConfigurationPlatforms) = preSolution
		Debug|Any CPU = Debug|Any CPU
		Release|Any CPU = Release|Any CPU
	EndGlobalSection
	GlobalSection(ProjectConfigurationPlatforms) = postSolution
		{4D822891-8DE7-4BCC-8E4C-79B0A77C0F2B}.Debug|Any CPU.ActiveCfg = Debug|Any CPU
		{4D822891-8DE7-4BCC-8E4C-79B0A77C0F2B}.Debug|Any CPU.Build.0 = Debug|Any CPU
		{4D822891-8DE7-4BCC-8E4C-79B0A77C0F2B}.Release|Any CPU.ActiveCfg = Release|Any CPU
		{4D822891-8DE7-4BCC-8E4C-79B0A77C0F2B}.Release|Any CPU.Build.0 = Release|Any CPU
		{FA617107-766D-4127-A777-AF90E5FC7860}.Debug|Any CPU.ActiveCfg = Debug|Any CPU
		{FA617107-766D-4127-A777-AF90E5FC7860}.Debug|Any CPU.Build.0 = Debug|Any CPU
		{FA617107-766D-4127-A777-AF90E5FC7860}.Release|Any CPU.ActiveCfg = Release|Any CPU
		{FA617107-766D-4127-A777-AF90E5FC7860}.Release|Any CPU.Build.0 = Release|Any CPU
		{BB501ED3-33E7-4EFB-BFED-2B8C74AA1178}.Debug|Any CPU.ActiveCfg = Debug|Any CPU
		{BB501ED3-33E7-4EFB-BFED-2B8C74AA1178}.Debug|Any CPU.Build.0 = Debug|Any CPU
		{BB501ED3-33E7-4EFB-BFED-2B8C74AA1178}.Release|Any CPU.ActiveCfg = Release|Any CPU
		{BB501ED3-33E7-4EFB-BFED-2B8C74AA1178}.Release|Any CPU.Build.0 = Release|Any CPU
	EndGlobalSection
	GlobalSection(SolutionProperties) = preSolution
		HideSolutionNode = FALSE
	EndGlobalSection
	GlobalSection(ExtensibilityGlobals) = postSolution
		SolutionGuid = {46E94F35-610A-4B24-8252-C3927BBEA203}
	EndGlobalSection
EndGlobal
